
Microsoft Visual Studio Solution File, Format Version 12.00
# Visual Studio Version 16
VisualStudioVersion = 16.0.29806.167
MinimumVisualStudioVersion = 10.0.40219.1
Project("{FAE04EC0-301F-11D3-BF4B-00C04F79EFBC}") = "StudentApi", "StudentApi\StudentApi.csproj", "{40EA8F6C-7A0A-4A0A-B92C-F8BE43A852EA}"
EndProject
Global
	GlobalSection(SolutionConfigurationPlatforms) = preSolution
		Debug|Any CPU = Debug|Any CPU
		Release|Any CPU = Release|Any CPU
	EndGlobalSection
	GlobalSection(ProjectConfigurationPlatforms) = postSolution
		{40EA8F6C-7A0A-4A0A-B92C-F8BE43A852EA}.Debug|Any CPU.ActiveCfg = Debug|Any CPU
		{40EA8F6C-7A0A-4A0A-B92C-F8BE43A852EA}.Debug|Any CPU.Build.0 = Debug|Any CPU
		{40EA8F6C-7A0A-4A0A-B92C-F8BE43A852EA}.Release|Any CPU.ActiveCfg = Release|Any CPU
		{40EA8F6C-7A0A-4A0A-B92C-F8BE43A852EA}.Release|Any CPU.Build.0 = Release|Any CPU
	EndGlobalSection
	GlobalSection(SolutionProperties) = preSolution
		HideSolutionNode = FALSE
	EndGlobalSection
	GlobalSection(ExtensibilityGlobals) = postSolution
		SolutionGuid = {DF252731-DC3F-492F-8FAD-C8BE10F86D7A}
	EndGlobalSection
EndGlobal
